
Microsoft Visual Studio Solution File, Format Version 12.00
# Visual Studio Version 16
VisualStudioVersion = 16.0.30804.86
MinimumVisualStudioVersion = 10.0.40219.1
Project("{888888A0-9F3D-457C-B088-3A5042F75D52}") = "perovskitedatabase", "perovskitedatabase.pyproj", "{0AFBD7F7-E8A1-4781-976C-B1E5A060D1A6}"
EndProject
Global
	GlobalSection(SolutionConfigurationPlatforms) = preSolution
		Debug|Any CPU = Debug|Any CPU
		Release|Any CPU = Release|Any CPU
	EndGlobalSection
	GlobalSection(ProjectConfigurationPlatforms) = postSolution
		{0AFBD7F7-E8A1-4781-976C-B1E5A060D1A6}.Debug|Any CPU.ActiveCfg = Debug|Any CPU
		{0AFBD7F7-E8A1-4781-976C-B1E5A060D1A6}.Release|Any CPU.ActiveCfg = Release|Any CPU
	EndGlobalSection
	GlobalSection(SolutionProperties) = preSolution
		HideSolutionNode = FALSE
	EndGlobalSection
	GlobalSection(ExtensibilityGlobals) = postSolution
		SolutionGuid = {79790336-0AE4-4C73-979F-1EFDE93F21D1}
	EndGlobalSection
EndGlobal
